
Microsoft Visual Studio Solution File, Format Version 12.00
# Visual Studio Version 17
VisualStudioVersion = 17.11.35222.181
MinimumVisualStudioVersion = 10.0.40219.1
Project("{FAE04EC0-301F-11D3-BF4B-00C04F79EFBC}") = "WpfApp12", "WpfApp12\WpfApp12.csproj", "{EB3C9780-ED17-4B3C-BD87-D24035A146C0}"
EndProject
Global
	GlobalSection(SolutionConfigurationPlatforms) = preSolution
		Debug|Any CPU = Debug|Any CPU
		Release|Any CPU = Release|Any CPU
	EndGlobalSection
	GlobalSection(ProjectConfigurationPlatforms) = postSolution
		{EB3C9780-ED17-4B3C-BD87-D24035A146C0}.Debug|Any CPU.ActiveCfg = Debug|Any CPU
		{EB3C9780-ED17-4B3C-BD87-D24035A146C0}.Debug|Any CPU.Build.0 = Debug|Any CPU
		{EB3C9780-ED17-4B3C-BD87-D24035A146C0}.Release|Any CPU.ActiveCfg = Release|Any CPU
		{EB3C9780-ED17-4B3C-BD87-D24035A146C0}.Release|Any CPU.Build.0 = Release|Any CPU
	EndGlobalSection
	GlobalSection(SolutionProperties) = preSolution
		HideSolutionNode = FALSE
	EndGlobalSection
	GlobalSection(ExtensibilityGlobals) = postSolution
		SolutionGuid = {B1E28A64-2CD3-40AD-A941-4D0C472CD57E}
	EndGlobalSection
EndGlobal
